{
    "packages": [
        {
            "name": "foo/bar",
            "version": "1.2.3"
        },
        {
            "name": "foo/baz",
            "version": "4.5.6"
        }
    ],
    "packages-dev": null,
    "aliases": [],
    "minimum-stability": "stable",
    "stability-flags": [],
    "prefer-stable": false,
    "prefer-lowest": false
}
